// !$*UTF8*$!
{
	archiveVersion = 1;
	classes = {
	};
	objectVersion = 56;
	objects = {

/* Begin PBXBuildFile section */
		1406D3792A0BDBA50053DC84 /* Post.swift in Sources */ = {isa = PBXBuildFile; fileRef = 1406D3782A0BDBA50053DC84 /* Post.swift */; };
		1406D37B2A0BDCB60053DC84 /* GeneralFeedView.swift in Sources */ = {isa = PBXBuildFile; fileRef = 1406D37A2A0BDCB60053DC84 /* GeneralFeedView.swift */; };
		1406D37D2A0BDD580053DC84 /* GroupsView.swift in Sources */ = {isa = PBXBuildFile; fileRef = 1406D37C2A0BDD580053DC84 /* GroupsView.swift */; };
		1406D37F2A0BDED50053DC84 /* Group.swift in Sources */ = {isa = PBXBuildFile; fileRef = 1406D37E2A0BDED50053DC84 /* Group.swift */; };
		1406D3832A0BF73F0053DC84 /* SpecificFeedView.swift in Sources */ = {isa = PBXBuildFile; fileRef = 1406D3822A0BF73F0053DC84 /* SpecificFeedView.swift */; };
		1406D3852A0D359F0053DC84 /* PostView.swift in Sources */ = {isa = PBXBuildFile; fileRef = 1406D3842A0D359F0053DC84 /* PostView.swift */; };
		1406D3872A0D47B40053DC84 /* ProfileView.swift in Sources */ = {isa = PBXBuildFile; fileRef = 1406D3862A0D47B30053DC84 /* ProfileView.swift */; };
		1406D3892A0D56080053DC84 /* UsersView.swift in Sources */ = {isa = PBXBuildFile; fileRef = 1406D3882A0D56080053DC84 /* UsersView.swift */; };
		1406D38B2A0D58380053DC84 /* ProfileSettingsView.swift in Sources */ = {isa = PBXBuildFile; fileRef = 1406D38A2A0D58380053DC84 /* ProfileSettingsView.swift */; };
		1406D3902A1284CA0053DC84 /* RefreshableScrollView.swift in Sources */ = {isa = PBXBuildFile; fileRef = 1406D38F2A1284CA0053DC84 /* RefreshableScrollView.swift */; };
		1406D3942A1290590053DC84 /* TabProfileView.swift in Sources */ = {isa = PBXBuildFile; fileRef = 1406D3932A1290590053DC84 /* TabProfileView.swift */; };
		1406D3962A129A6F0053DC84 /* TruePostView.swift in Sources */ = {isa = PBXBuildFile; fileRef = 1406D3952A129A6B0053DC84 /* TruePostView.swift */; };
		1406D3982A12A0050053DC84 /* CommentView.swift in Sources */ = {isa = PBXBuildFile; fileRef = 1406D3972A12A0050053DC84 /* CommentView.swift */; };
		1406D39D2A13CED20053DC84 /* iPhoneNumberField in Frameworks */ = {isa = PBXBuildFile; productRef = 1406D39C2A13CED20053DC84 /* iPhoneNumberField */; };
		140F94B12A13DCB900E2C964 /* AWSAPIPlugin in Frameworks */ = {isa = PBXBuildFile; productRef = 140F94B02A13DCB900E2C964 /* AWSAPIPlugin */; };
		140F94B32A13DCB900E2C964 /* AWSCognitoAuthPlugin in Frameworks */ = {isa = PBXBuildFile; productRef = 140F94B22A13DCB900E2C964 /* AWSCognitoAuthPlugin */; };
		140F94B52A13DCB900E2C964 /* AWSDataStorePlugin in Frameworks */ = {isa = PBXBuildFile; productRef = 140F94B42A13DCB900E2C964 /* AWSDataStorePlugin */; };
		140F94B72A13DCB900E2C964 /* AWSPluginsCore in Frameworks */ = {isa = PBXBuildFile; productRef = 140F94B62A13DCB900E2C964 /* AWSPluginsCore */; };
		140F94B92A13DCB900E2C964 /* AWSS3StoragePlugin in Frameworks */ = {isa = PBXBuildFile; productRef = 140F94B82A13DCB900E2C964 /* AWSS3StoragePlugin */; };
		140F94BB2A13DCB900E2C964 /* Amplify in Frameworks */ = {isa = PBXBuildFile; productRef = 140F94BA2A13DCB900E2C964 /* Amplify */; };
		146C6AF22A1E5F9700F18708 /* TextView.swift in Sources */ = {isa = PBXBuildFile; fileRef = 146C6AF12A1E5F9700F18708 /* TextView.swift */; };
		14832A652A0A98D600F19B3C /* Session.swift in Sources */ = {isa = PBXBuildFile; fileRef = 14832A642A0A98D600F19B3C /* Session.swift */; };
		14832A672A0A98EC00F19B3C /* SignIn.swift in Sources */ = {isa = PBXBuildFile; fileRef = 14832A662A0A98EC00F19B3C /* SignIn.swift */; };
		14832A692A0A98FC00F19B3C /* SignUp.swift in Sources */ = {isa = PBXBuildFile; fileRef = 14832A682A0A98FC00F19B3C /* SignUp.swift */; };
		14832A6B2A0A990600F19B3C /* Reset.swift in Sources */ = {isa = PBXBuildFile; fileRef = 14832A6A2A0A990600F19B3C /* Reset.swift */; };
		14832A6D2A0A991300F19B3C /* Confirm.swift in Sources */ = {isa = PBXBuildFile; fileRef = 14832A6C2A0A991300F19B3C /* Confirm.swift */; };
		14CAD4D12A09491800116B07 /* RSConnectsApp.swift in Sources */ = {isa = PBXBuildFile; fileRef = 14CAD4D02A09491800116B07 /* RSConnectsApp.swift */; };
		14CAD4D32A09491800116B07 /* ContentView.swift in Sources */ = {isa = PBXBuildFile; fileRef = 14CAD4D22A09491800116B07 /* ContentView.swift */; };
		14CAD4D52A09491B00116B07 /* Assets.xcassets in Resources */ = {isa = PBXBuildFile; fileRef = 14CAD4D42A09491B00116B07 /* Assets.xcassets */; };
		14CAD4D82A09491B00116B07 /* Preview Assets.xcassets in Resources */ = {isa = PBXBuildFile; fileRef = 14CAD4D72A09491B00116B07 /* Preview Assets.xcassets */; };
		14CAD4E32A09491C00116B07 /* RSConnectsTests.swift in Sources */ = {isa = PBXBuildFile; fileRef = 14CAD4E22A09491C00116B07 /* RSConnectsTests.swift */; };
		14CAD4ED2A09491C00116B07 /* RSConnectsUITests.swift in Sources */ = {isa = PBXBuildFile; fileRef = 14CAD4EC2A09491C00116B07 /* RSConnectsUITests.swift */; };
		14CAD4EF2A09491C00116B07 /* RSConnectsUITestsLaunchTests.swift in Sources */ = {isa = PBXBuildFile; fileRef = 14CAD4EE2A09491C00116B07 /* RSConnectsUITestsLaunchTests.swift */; };
		14CAD5042A095B5100116B07 /* Profile.swift in Sources */ = {isa = PBXBuildFile; fileRef = 14CAD5032A095B5100116B07 /* Profile.swift */; };
		14CAD5072A095D1F00116B07 /* ModelData.swift in Sources */ = {isa = PBXBuildFile; fileRef = 14CAD5062A095D1F00116B07 /* ModelData.swift */; };
		14FFB4E62A1BB1A300AD554E /* CalendarView.swift in Sources */ = {isa = PBXBuildFile; fileRef = 14FFB4E52A1BB1A300AD554E /* CalendarView.swift */; };
		14FFB4E82A1BC78700AD554E /* WebView.swift in Sources */ = {isa = PBXBuildFile; fileRef = 14FFB4E72A1BC78700AD554E /* WebView.swift */; };
		14FFB4EA2A1BC90900AD554E /* Event.swift in Sources */ = {isa = PBXBuildFile; fileRef = 14FFB4E92A1BC90900AD554E /* Event.swift */; };
		2F94A02E424089E63B551016 /* amplifyconfiguration.json in Resources */ = {isa = PBXBuildFile; fileRef = C70B92C6DF1B5F465ED62DD4 /* amplifyconfiguration.json */; };
		F5A91608D7FA7C35A16B070C /* awsconfiguration.json in Resources */ = {isa = PBXBuildFile; fileRef = 027B172F55CBEFE4C2FD2EE6 /* awsconfiguration.json */; };
/* End PBXBuildFile section */

/* Begin PBXContainerItemProxy section */
		14CAD4DF2A09491C00116B07 /* PBXContainerItemProxy */ = {
			isa = PBXContainerItemProxy;
			containerPortal = 14CAD4C52A09491800116B07 /* Project object */;
			proxyType = 1;
			remoteGlobalIDString = 14CAD4CC2A09491800116B07;
			remoteInfo = RSConnects;
		};
		14CAD4E92A09491C00116B07 /* PBXContainerItemProxy */ = {
			isa = PBXContainerItemProxy;
			containerPortal = 14CAD4C52A09491800116B07 /* Project object */;
			proxyType = 1;
			remoteGlobalIDString = 14CAD4CC2A09491800116B07;
			remoteInfo = RSConnects;
		};
/* End PBXContainerItemProxy section */

/* Begin PBXFileReference section */
		027B172F55CBEFE4C2FD2EE6 /* awsconfiguration.json */ = {isa = PBXFileReference; explicitFileType = text.json; path = awsconfiguration.json; sourceTree = "<group>"; };
		1406D3782A0BDBA50053DC84 /* Post.swift */ = {isa = PBXFileReference; lastKnownFileType = sourcecode.swift; path = Post.swift; sourceTree = "<group>"; };
		1406D37A2A0BDCB60053DC84 /* GeneralFeedView.swift */ = {isa = PBXFileReference; lastKnownFileType = sourcecode.swift; path = GeneralFeedView.swift; sourceTree = "<group>"; };
		1406D37C2A0BDD580053DC84 /* GroupsView.swift */ = {isa = PBXFileReference; lastKnownFileType = sourcecode.swift; path = GroupsView.swift; sourceTree = "<group>"; };
		1406D37E2A0BDED50053DC84 /* Group.swift */ = {isa = PBXFileReference; lastKnownFileType = sourcecode.swift; path = Group.swift; sourceTree = "<group>"; };
		1406D3822A0BF73F0053DC84 /* SpecificFeedView.swift */ = {isa = PBXFileReference; lastKnownFileType = sourcecode.swift; path = SpecificFeedView.swift; sourceTree = "<group>"; };
		1406D3842A0D359F0053DC84 /* PostView.swift */ = {isa = PBXFileReference; lastKnownFileType = sourcecode.swift; path = PostView.swift; sourceTree = "<group>"; };
		1406D3862A0D47B30053DC84 /* ProfileView.swift */ = {isa = PBXFileReference; lastKnownFileType = sourcecode.swift; path = ProfileView.swift; sourceTree = "<group>"; };
		1406D3882A0D56080053DC84 /* UsersView.swift */ = {isa = PBXFileReference; lastKnownFileType = sourcecode.swift; path = UsersView.swift; sourceTree = "<group>"; };
		1406D38A2A0D58380053DC84 /* ProfileSettingsView.swift */ = {isa = PBXFileReference; lastKnownFileType = sourcecode.swift; path = ProfileSettingsView.swift; sourceTree = "<group>"; };
		1406D38F2A1284CA0053DC84 /* RefreshableScrollView.swift */ = {isa = PBXFileReference; lastKnownFileType = sourcecode.swift; path = RefreshableScrollView.swift; sourceTree = "<group>"; };
		1406D3932A1290590053DC84 /* TabProfileView.swift */ = {isa = PBXFileReference; lastKnownFileType = sourcecode.swift; path = TabProfileView.swift; sourceTree = "<group>"; };
		1406D3952A129A6B0053DC84 /* TruePostView.swift */ = {isa = PBXFileReference; lastKnownFileType = sourcecode.swift; path = TruePostView.swift; sourceTree = "<group>"; };
		1406D3972A12A0050053DC84 /* CommentView.swift */ = {isa = PBXFileReference; lastKnownFileType = sourcecode.swift; path = CommentView.swift; sourceTree = "<group>"; };
		146C6AF12A1E5F9700F18708 /* TextView.swift */ = {isa = PBXFileReference; lastKnownFileType = sourcecode.swift; path = TextView.swift; sourceTree = "<group>"; };
		14832A642A0A98D600F19B3C /* Session.swift */ = {isa = PBXFileReference; lastKnownFileType = sourcecode.swift; path = Session.swift; sourceTree = "<group>"; };
		14832A662A0A98EC00F19B3C /* SignIn.swift */ = {isa = PBXFileReference; lastKnownFileType = sourcecode.swift; path = SignIn.swift; sourceTree = "<group>"; };
		14832A682A0A98FC00F19B3C /* SignUp.swift */ = {isa = PBXFileReference; lastKnownFileType = sourcecode.swift; path = SignUp.swift; sourceTree = "<group>"; };
		14832A6A2A0A990600F19B3C /* Reset.swift */ = {isa = PBXFileReference; lastKnownFileType = sourcecode.swift; path = Reset.swift; sourceTree = "<group>"; };
		14832A6C2A0A991300F19B3C /* Confirm.swift */ = {isa = PBXFileReference; lastKnownFileType = sourcecode.swift; path = Confirm.swift; sourceTree = "<group>"; };
		14CAD4CD2A09491800116B07 /* RSConnects.app */ = {isa = PBXFileReference; explicitFileType = wrapper.application; includeInIndex = 0; path = RSConnects.app; sourceTree = BUILT_PRODUCTS_DIR; };
		14CAD4D02A09491800116B07 /* RSConnectsApp.swift */ = {isa = PBXFileReference; lastKnownFileType = sourcecode.swift; path = RSConnectsApp.swift; sourceTree = "<group>"; };
		14CAD4D22A09491800116B07 /* ContentView.swift */ = {isa = PBXFileReference; lastKnownFileType = sourcecode.swift; path = ContentView.swift; sourceTree = "<group>"; };
		14CAD4D42A09491B00116B07 /* Assets.xcassets */ = {isa = PBXFileReference; lastKnownFileType = folder.assetcatalog; path = Assets.xcassets; sourceTree = "<group>"; };
		14CAD4D72A09491B00116B07 /* Preview Assets.xcassets */ = {isa = PBXFileReference; lastKnownFileType = folder.assetcatalog; path = "Preview Assets.xcassets"; sourceTree = "<group>"; };
		14CAD4D92A09491B00116B07 /* RSConnects.entitlements */ = {isa = PBXFileReference; lastKnownFileType = text.plist.entitlements; path = RSConnects.entitlements; sourceTree = "<group>"; };
		14CAD4DE2A09491C00116B07 /* RSConnectsTests.xctest */ = {isa = PBXFileReference; explicitFileType = wrapper.cfbundle; includeInIndex = 0; path = RSConnectsTests.xctest; sourceTree = BUILT_PRODUCTS_DIR; };
		14CAD4E22A09491C00116B07 /* RSConnectsTests.swift */ = {isa = PBXFileReference; lastKnownFileType = sourcecode.swift; path = RSConnectsTests.swift; sourceTree = "<group>"; };
		14CAD4E82A09491C00116B07 /* RSConnectsUITests.xctest */ = {isa = PBXFileReference; explicitFileType = wrapper.cfbundle; includeInIndex = 0; path = RSConnectsUITests.xctest; sourceTree = BUILT_PRODUCTS_DIR; };
		14CAD4EC2A09491C00116B07 /* RSConnectsUITests.swift */ = {isa = PBXFileReference; lastKnownFileType = sourcecode.swift; path = RSConnectsUITests.swift; sourceTree = "<group>"; };
		14CAD4EE2A09491C00116B07 /* RSConnectsUITestsLaunchTests.swift */ = {isa = PBXFileReference; lastKnownFileType = sourcecode.swift; path = RSConnectsUITestsLaunchTests.swift; sourceTree = "<group>"; };
		14CAD5032A095B5100116B07 /* Profile.swift */ = {isa = PBXFileReference; lastKnownFileType = sourcecode.swift; path = Profile.swift; sourceTree = "<group>"; };
		14CAD5062A095D1F00116B07 /* ModelData.swift */ = {isa = PBXFileReference; lastKnownFileType = sourcecode.swift; path = ModelData.swift; sourceTree = "<group>"; };
		14FFB4E52A1BB1A300AD554E /* CalendarView.swift */ = {isa = PBXFileReference; lastKnownFileType = sourcecode.swift; path = CalendarView.swift; sourceTree = "<group>"; };
		14FFB4E72A1BC78700AD554E /* WebView.swift */ = {isa = PBXFileReference; lastKnownFileType = sourcecode.swift; path = WebView.swift; sourceTree = "<group>"; };
		14FFB4E92A1BC90900AD554E /* Event.swift */ = {isa = PBXFileReference; lastKnownFileType = sourcecode.swift; path = Event.swift; sourceTree = "<group>"; };
		C70B92C6DF1B5F465ED62DD4 /* amplifyconfiguration.json */ = {isa = PBXFileReference; explicitFileType = text.json; path = amplifyconfiguration.json; sourceTree = "<group>"; };
/* End PBXFileReference section */

/* Begin PBXFrameworksBuildPhase section */
		14CAD4CA2A09491800116B07 /* Frameworks */ = {
			isa = PBXFrameworksBuildPhase;
			buildActionMask = 2147483647;
			files = (
				140F94B12A13DCB900E2C964 /* AWSAPIPlugin in Frameworks */,
				140F94BB2A13DCB900E2C964 /* Amplify in Frameworks */,
				1406D39D2A13CED20053DC84 /* iPhoneNumberField in Frameworks */,
				140F94B32A13DCB900E2C964 /* AWSCognitoAuthPlugin in Frameworks */,
				140F94B52A13DCB900E2C964 /* AWSDataStorePlugin in Frameworks */,
				140F94B72A13DCB900E2C964 /* AWSPluginsCore in Frameworks */,
				140F94B92A13DCB900E2C964 /* AWSS3StoragePlugin in Frameworks */,
			);
			runOnlyForDeploymentPostprocessing = 0;
		};
		14CAD4DB2A09491C00116B07 /* Frameworks */ = {
			isa = PBXFrameworksBuildPhase;
			buildActionMask = 2147483647;
			files = (
			);
			runOnlyForDeploymentPostprocessing = 0;
		};
		14CAD4E52A09491C00116B07 /* Frameworks */ = {
			isa = PBXFrameworksBuildPhase;
			buildActionMask = 2147483647;
			files = (
			);
			runOnlyForDeploymentPostprocessing = 0;
		};
/* End PBXFrameworksBuildPhase section */

/* Begin PBXGroup section */
		140F94BC2A13E90200E2C964 /* Helpers */ = {
			isa = PBXGroup;
			children = (
				1406D38F2A1284CA0053DC84 /* RefreshableScrollView.swift */,
				14FFB4E72A1BC78700AD554E /* WebView.swift */,
			);
			path = Helpers;
			sourceTree = "<group>";
		};
		14832A632A0A985D00F19B3C /* Account */ = {
			isa = PBXGroup;
			children = (
				14832A642A0A98D600F19B3C /* Session.swift */,
				14832A662A0A98EC00F19B3C /* SignIn.swift */,
				14832A682A0A98FC00F19B3C /* SignUp.swift */,
				14832A6A2A0A990600F19B3C /* Reset.swift */,
				14832A6C2A0A991300F19B3C /* Confirm.swift */,
			);
			path = Account;
			sourceTree = "<group>";
		};
		14CAD4C42A09491800116B07 = {
			isa = PBXGroup;
			children = (
				14CAD4CF2A09491800116B07 /* RSConnects */,
				14CAD4E12A09491C00116B07 /* RSConnectsTests */,
				14CAD4EB2A09491C00116B07 /* RSConnectsUITests */,
				14CAD4CE2A09491800116B07 /* Products */,
				D456B342BE85BBF92207DDF9 /* AmplifyConfig */,
			);
			sourceTree = "<group>";
		};
		14CAD4CE2A09491800116B07 /* Products */ = {
			isa = PBXGroup;
			children = (
				14CAD4CD2A09491800116B07 /* RSConnects.app */,
				14CAD4DE2A09491C00116B07 /* RSConnectsTests.xctest */,
				14CAD4E82A09491C00116B07 /* RSConnectsUITests.xctest */,
			);
			name = Products;
			sourceTree = "<group>";
		};
		14CAD4CF2A09491800116B07 /* RSConnects */ = {
			isa = PBXGroup;
			children = (
				14CAD5022A095B3400116B07 /* Model */,
				14CAD5052A095B6600116B07 /* Views */,
				14CAD4D02A09491800116B07 /* RSConnectsApp.swift */,
				140F94BC2A13E90200E2C964 /* Helpers */,
				14CAD4D42A09491B00116B07 /* Assets.xcassets */,
				14CAD4D92A09491B00116B07 /* RSConnects.entitlements */,
				14CAD4D62A09491B00116B07 /* Preview Content */,
			);
			path = RSConnects;
			sourceTree = "<group>";
		};
		14CAD4D62A09491B00116B07 /* Preview Content */ = {
			isa = PBXGroup;
			children = (
				14CAD4D72A09491B00116B07 /* Preview Assets.xcassets */,
			);
			path = "Preview Content";
			sourceTree = "<group>";
		};
		14CAD4E12A09491C00116B07 /* RSConnectsTests */ = {
			isa = PBXGroup;
			children = (
				14CAD4E22A09491C00116B07 /* RSConnectsTests.swift */,
			);
			path = RSConnectsTests;
			sourceTree = "<group>";
		};
		14CAD4EB2A09491C00116B07 /* RSConnectsUITests */ = {
			isa = PBXGroup;
			children = (
				14CAD4EC2A09491C00116B07 /* RSConnectsUITests.swift */,
				14CAD4EE2A09491C00116B07 /* RSConnectsUITestsLaunchTests.swift */,
			);
			path = RSConnectsUITests;
			sourceTree = "<group>";
		};
		14CAD5022A095B3400116B07 /* Model */ = {
			isa = PBXGroup;
			children = (
				14CAD5062A095D1F00116B07 /* ModelData.swift */,
				14CAD5032A095B5100116B07 /* Profile.swift */,
				1406D3782A0BDBA50053DC84 /* Post.swift */,
				1406D37E2A0BDED50053DC84 /* Group.swift */,
				14FFB4E92A1BC90900AD554E /* Event.swift */,
			);
			path = Model;
			sourceTree = "<group>";
		};
		14CAD5052A095B6600116B07 /* Views */ = {
			isa = PBXGroup;
			children = (
				14832A632A0A985D00F19B3C /* Account */,
				14CAD4D22A09491800116B07 /* ContentView.swift */,
				1406D37A2A0BDCB60053DC84 /* GeneralFeedView.swift */,
				1406D3822A0BF73F0053DC84 /* SpecificFeedView.swift */,
				1406D3882A0D56080053DC84 /* UsersView.swift */,
				1406D37C2A0BDD580053DC84 /* GroupsView.swift */,
				1406D3842A0D359F0053DC84 /* PostView.swift */,
				1406D3952A129A6B0053DC84 /* TruePostView.swift */,
				1406D3972A12A0050053DC84 /* CommentView.swift */,
				1406D3862A0D47B30053DC84 /* ProfileView.swift */,
				1406D3932A1290590053DC84 /* TabProfileView.swift */,
				1406D38A2A0D58380053DC84 /* ProfileSettingsView.swift */,
				14FFB4E52A1BB1A300AD554E /* CalendarView.swift */,
				146C6AF12A1E5F9700F18708 /* TextView.swift */,
			);
			path = Views;
			sourceTree = "<group>";
		};
		D456B342BE85BBF92207DDF9 /* AmplifyConfig */ = {
			isa = PBXGroup;
			children = (
				027B172F55CBEFE4C2FD2EE6 /* awsconfiguration.json */,
				C70B92C6DF1B5F465ED62DD4 /* amplifyconfiguration.json */,
			);
			name = AmplifyConfig;
			sourceTree = "<group>";
		};
/* End PBXGroup section */

/* Begin PBXNativeTarget section */
		14CAD4CC2A09491800116B07 /* RSConnects */ = {
			isa = PBXNativeTarget;
			buildConfigurationList = 14CAD4F22A09491C00116B07 /* Build configuration list for PBXNativeTarget "RSConnects" */;
			buildPhases = (
				14CAD4C92A09491800116B07 /* Sources */,
				14CAD4CA2A09491800116B07 /* Frameworks */,
				14CAD4CB2A09491800116B07 /* Resources */,
			);
			buildRules = (
			);
			dependencies = (
			);
			name = RSConnects;
			packageProductDependencies = (
				1406D39C2A13CED20053DC84 /* iPhoneNumberField */,
				140F94B02A13DCB900E2C964 /* AWSAPIPlugin */,
				140F94B22A13DCB900E2C964 /* AWSCognitoAuthPlugin */,
				140F94B42A13DCB900E2C964 /* AWSDataStorePlugin */,
				140F94B62A13DCB900E2C964 /* AWSPluginsCore */,
				140F94B82A13DCB900E2C964 /* AWSS3StoragePlugin */,
				140F94BA2A13DCB900E2C964 /* Amplify */,
			);
			productName = RSConnects;
			productReference = 14CAD4CD2A09491800116B07 /* RSConnects.app */;
			productType = "com.apple.product-type.application";
		};
		14CAD4DD2A09491C00116B07 /* RSConnectsTests */ = {
			isa = PBXNativeTarget;
			buildConfigurationList = 14CAD4F52A09491C00116B07 /* Build configuration list for PBXNativeTarget "RSConnectsTests" */;
			buildPhases = (
				14CAD4DA2A09491C00116B07 /* Sources */,
				14CAD4DB2A09491C00116B07 /* Frameworks */,
				14CAD4DC2A09491C00116B07 /* Resources */,
			);
			buildRules = (
			);
			dependencies = (
				14CAD4E02A09491C00116B07 /* PBXTargetDependency */,
			);
			name = RSConnectsTests;
			productName = RSConnectsTests;
			productReference = 14CAD4DE2A09491C00116B07 /* RSConnectsTests.xctest */;
			productType = "com.apple.product-type.bundle.unit-test";
		};
		14CAD4E72A09491C00116B07 /* RSConnectsUITests */ = {
			isa = PBXNativeTarget;
			buildConfigurationList = 14CAD4F82A09491C00116B07 /* Build configuration list for PBXNativeTarget "RSConnectsUITests" */;
			buildPhases = (
				14CAD4E42A09491C00116B07 /* Sources */,
				14CAD4E52A09491C00116B07 /* Frameworks */,
				14CAD4E62A09491C00116B07 /* Resources */,
			);
			buildRules = (
			);
			dependencies = (
				14CAD4EA2A09491C00116B07 /* PBXTargetDependency */,
			);
			name = RSConnectsUITests;
			productName = RSConnectsUITests;
			productReference = 14CAD4E82A09491C00116B07 /* RSConnectsUITests.xctest */;
			productType = "com.apple.product-type.bundle.ui-testing";
		};
/* End PBXNativeTarget section */

/* Begin PBXProject section */
		14CAD4C52A09491800116B07 /* Project object */ = {
			isa = PBXProject;
			attributes = {
				BuildIndependentTargetsInParallel = 1;
				LastSwiftUpdateCheck = 1420;
				LastUpgradeCheck = 1420;
				TargetAttributes = {
					14CAD4CC2A09491800116B07 = {
						CreatedOnToolsVersion = 14.2;
					};
					14CAD4DD2A09491C00116B07 = {
						CreatedOnToolsVersion = 14.2;
						TestTargetID = 14CAD4CC2A09491800116B07;
					};
					14CAD4E72A09491C00116B07 = {
						CreatedOnToolsVersion = 14.2;
						TestTargetID = 14CAD4CC2A09491800116B07;
					};
				};
			};
			buildConfigurationList = 14CAD4C82A09491800116B07 /* Build configuration list for PBXProject "RSConnects" */;
			compatibilityVersion = "Xcode 14.0";
			developmentRegion = en;
			hasScannedForEncodings = 0;
			knownRegions = (
				en,
				Base,
			);
			mainGroup = 14CAD4C42A09491800116B07;
			packageReferences = (
				1406D39B2A13CED20053DC84 /* XCRemoteSwiftPackageReference "iPhoneNumberField" */,
				140F94AF2A13DCB900E2C964 /* XCRemoteSwiftPackageReference "amplify-ios" */,
			);
			productRefGroup = 14CAD4CE2A09491800116B07 /* Products */;
			projectDirPath = "";
			projectRoot = "";
			targets = (
				14CAD4CC2A09491800116B07 /* RSConnects */,
				14CAD4DD2A09491C00116B07 /* RSConnectsTests */,
				14CAD4E72A09491C00116B07 /* RSConnectsUITests */,
			);
		};
/* End PBXProject section */

/* Begin PBXResourcesBuildPhase section */
		14CAD4CB2A09491800116B07 /* Resources */ = {
			isa = PBXResourcesBuildPhase;
			buildActionMask = 2147483647;
			files = (
				14CAD4D82A09491B00116B07 /* Preview Assets.xcassets in Resources */,
				14CAD4D52A09491B00116B07 /* Assets.xcassets in Resources */,
				F5A91608D7FA7C35A16B070C /* awsconfiguration.json in Resources */,
				2F94A02E424089E63B551016 /* amplifyconfiguration.json in Resources */,
			);
			runOnlyForDeploymentPostprocessing = 0;
		};
		14CAD4DC2A09491C00116B07 /* Resources */ = {
			isa = PBXResourcesBuildPhase;
			buildActionMask = 2147483647;
			files = (
			);
			runOnlyForDeploymentPostprocessing = 0;
		};
		14CAD4E62A09491C00116B07 /* Resources */ = {
			isa = PBXResourcesBuildPhase;
			buildActionMask = 2147483647;
			files = (
			);
			runOnlyForDeploymentPostprocessing = 0;
		};
/* End PBXResourcesBuildPhase section */

/* Begin PBXSourcesBuildPhase section */
		14CAD4C92A09491800116B07 /* Sources */ = {
			isa = PBXSourcesBuildPhase;
			buildActionMask = 2147483647;
			files = (
				14832A692A0A98FC00F19B3C /* SignUp.swift in Sources */,
				14832A6B2A0A990600F19B3C /* Reset.swift in Sources */,
				14FFB4E62A1BB1A300AD554E /* CalendarView.swift in Sources */,
				146C6AF22A1E5F9700F18708 /* TextView.swift in Sources */,
				14832A6D2A0A991300F19B3C /* Confirm.swift in Sources */,
				14832A652A0A98D600F19B3C /* Session.swift in Sources */,
				14832A672A0A98EC00F19B3C /* SignIn.swift in Sources */,
				14CAD4D32A09491800116B07 /* ContentView.swift in Sources */,
				1406D37F2A0BDED50053DC84 /* Group.swift in Sources */,
				1406D37B2A0BDCB60053DC84 /* GeneralFeedView.swift in Sources */,
				14FFB4E82A1BC78700AD554E /* WebView.swift in Sources */,
				1406D3872A0D47B40053DC84 /* ProfileView.swift in Sources */,
				1406D3892A0D56080053DC84 /* UsersView.swift in Sources */,
				14CAD5072A095D1F00116B07 /* ModelData.swift in Sources */,
				1406D3852A0D359F0053DC84 /* PostView.swift in Sources */,
				14CAD5042A095B5100116B07 /* Profile.swift in Sources */,
				1406D3902A1284CA0053DC84 /* RefreshableScrollView.swift in Sources */,
				14CAD4D12A09491800116B07 /* RSConnectsApp.swift in Sources */,
				1406D3832A0BF73F0053DC84 /* SpecificFeedView.swift in Sources */,
				1406D38B2A0D58380053DC84 /* ProfileSettingsView.swift in Sources */,
				1406D37D2A0BDD580053DC84 /* GroupsView.swift in Sources */,
				1406D3942A1290590053DC84 /* TabProfileView.swift in Sources */,
				1406D3792A0BDBA50053DC84 /* Post.swift in Sources */,
				1406D3982A12A0050053DC84 /* CommentView.swift in Sources */,
				1406D3962A129A6F0053DC84 /* TruePostView.swift in Sources */,
				14FFB4EA2A1BC90900AD554E /* Event.swift in Sources */,
			);
			runOnlyForDeploymentPostprocessing = 0;
		};
		14CAD4DA2A09491C00116B07 /* Sources */ = {
			isa = PBXSourcesBuildPhase;
			buildActionMask = 2147483647;
			files = (
				14CAD4E32A09491C00116B07 /* RSConnectsTests.swift in Sources */,
			);
			runOnlyForDeploymentPostprocessing = 0;
		};
		14CAD4E42A09491C00116B07 /* Sources */ = {
			isa = PBXSourcesBuildPhase;
			buildActionMask = 2147483647;
			files = (
				14CAD4EF2A09491C00116B07 /* RSConnectsUITestsLaunchTests.swift in Sources */,
				14CAD4ED2A09491C00116B07 /* RSConnectsUITests.swift in Sources */,
			);
			runOnlyForDeploymentPostprocessing = 0;
		};
/* End PBXSourcesBuildPhase section */

/* Begin PBXTargetDependency section */
		14CAD4E02A09491C00116B07 /* PBXTargetDependency */ = {
			isa = PBXTargetDependency;
			target = 14CAD4CC2A09491800116B07 /* RSConnects */;
			targetProxy = 14CAD4DF2A09491C00116B07 /* PBXContainerItemProxy */;
		};
		14CAD4EA2A09491C00116B07 /* PBXTargetDependency */ = {
			isa = PBXTargetDependency;
			target = 14CAD4CC2A09491800116B07 /* RSConnects */;
			targetProxy = 14CAD4E92A09491C00116B07 /* PBXContainerItemProxy */;
		};
/* End PBXTargetDependency section */

/* Begin XCBuildConfiguration section */
		14CAD4F02A09491C00116B07 /* Debug */ = {
			isa = XCBuildConfiguration;
			buildSettings = {
				ALWAYS_SEARCH_USER_PATHS = NO;
				CLANG_ANALYZER_NONNULL = YES;
				CLANG_ANALYZER_NUMBER_OBJECT_CONVERSION = YES_AGGRESSIVE;
				CLANG_CXX_LANGUAGE_STANDARD = "gnu++20";
				CLANG_ENABLE_MODULES = YES;
				CLANG_ENABLE_OBJC_ARC = YES;
				CLANG_ENABLE_OBJC_WEAK = YES;
				CLANG_WARN_BLOCK_CAPTURE_AUTORELEASING = YES;
				CLANG_WARN_BOOL_CONVERSION = YES;
				CLANG_WARN_COMMA = YES;
				CLANG_WARN_CONSTANT_CONVERSION = YES;
				CLANG_WARN_DEPRECATED_OBJC_IMPLEMENTATIONS = YES;
				CLANG_WARN_DIRECT_OBJC_ISA_USAGE = YES_ERROR;
				CLANG_WARN_DOCUMENTATION_COMMENTS = YES;
				CLANG_WARN_EMPTY_BODY = YES;
				CLANG_WARN_ENUM_CONVERSION = YES;
				CLANG_WARN_INFINITE_RECURSION = YES;
				CLANG_WARN_INT_CONVERSION = YES;
				CLANG_WARN_NON_LITERAL_NULL_CONVERSION = YES;
				CLANG_WARN_OBJC_IMPLICIT_RETAIN_SELF = YES;
				CLANG_WARN_OBJC_LITERAL_CONVERSION = YES;
				CLANG_WARN_OBJC_ROOT_CLASS = YES_ERROR;
				CLANG_WARN_QUOTED_INCLUDE_IN_FRAMEWORK_HEADER = YES;
				CLANG_WARN_RANGE_LOOP_ANALYSIS = YES;
				CLANG_WARN_STRICT_PROTOTYPES = YES;
				CLANG_WARN_SUSPICIOUS_MOVE = YES;
				CLANG_WARN_UNGUARDED_AVAILABILITY = YES_AGGRESSIVE;
				CLANG_WARN_UNREACHABLE_CODE = YES;
				CLANG_WARN__DUPLICATE_METHOD_MATCH = YES;
				COPY_PHASE_STRIP = NO;
				DEBUG_INFORMATION_FORMAT = dwarf;
				ENABLE_STRICT_OBJC_MSGSEND = YES;
				ENABLE_TESTABILITY = YES;
				GCC_C_LANGUAGE_STANDARD = gnu11;
				GCC_DYNAMIC_NO_PIC = NO;
				GCC_NO_COMMON_BLOCKS = YES;
				GCC_OPTIMIZATION_LEVEL = 0;
				GCC_PREPROCESSOR_DEFINITIONS = (
					"DEBUG=1",
					"$(inherited)",
				);
				GCC_WARN_64_TO_32_BIT_CONVERSION = YES;
				GCC_WARN_ABOUT_RETURN_TYPE = YES_ERROR;
				GCC_WARN_UNDECLARED_SELECTOR = YES;
				GCC_WARN_UNINITIALIZED_AUTOS = YES_AGGRESSIVE;
				GCC_WARN_UNUSED_FUNCTION = YES;
				GCC_WARN_UNUSED_VARIABLE = YES;
				MACOSX_DEPLOYMENT_TARGET = 12.6;
				MTL_ENABLE_DEBUG_INFO = INCLUDE_SOURCE;
				MTL_FAST_MATH = YES;
				ONLY_ACTIVE_ARCH = YES;
				SDKROOT = macosx;
				SWIFT_ACTIVE_COMPILATION_CONDITIONS = DEBUG;
				SWIFT_OPTIMIZATION_LEVEL = "-Onone";
			};
			name = Debug;
		};
		14CAD4F12A09491C00116B07 /* Release */ = {
			isa = XCBuildConfiguration;
			buildSettings = {
				ALWAYS_SEARCH_USER_PATHS = NO;
				CLANG_ANALYZER_NONNULL = YES;
				CLANG_ANALYZER_NUMBER_OBJECT_CONVERSION = YES_AGGRESSIVE;
				CLANG_CXX_LANGUAGE_STANDARD = "gnu++20";
				CLANG_ENABLE_MODULES = YES;
				CLANG_ENABLE_OBJC_ARC = YES;
				CLANG_ENABLE_OBJC_WEAK = YES;
				CLANG_WARN_BLOCK_CAPTURE_AUTORELEASING = YES;
				CLANG_WARN_BOOL_CONVERSION = YES;
				CLANG_WARN_COMMA = YES;
				CLANG_WARN_CONSTANT_CONVERSION = YES;
				CLANG_WARN_DEPRECATED_OBJC_IMPLEMENTATIONS = YES;
				CLANG_WARN_DIRECT_OBJC_ISA_USAGE = YES_ERROR;
				CLANG_WARN_DOCUMENTATION_COMMENTS = YES;
				CLANG_WARN_EMPTY_BODY = YES;
				CLANG_WARN_ENUM_CONVERSION = YES;
				CLANG_WARN_INFINITE_RECURSION = YES;
				CLANG_WARN_INT_CONVERSION = YES;
				CLANG_WARN_NON_LITERAL_NULL_CONVERSION = YES;
				CLANG_WARN_OBJC_IMPLICIT_RETAIN_SELF = YES;
				CLANG_WARN_OBJC_LITERAL_CONVERSION = YES;
				CLANG_WARN_OBJC_ROOT_CLASS = YES_ERROR;
				CLANG_WARN_QUOTED_INCLUDE_IN_FRAMEWORK_HEADER = YES;
				CLANG_WARN_RANGE_LOOP_ANALYSIS = YES;
				CLANG_WARN_STRICT_PROTOTYPES = YES;
				CLANG_WARN_SUSPICIOUS_MOVE = YES;
				CLANG_WARN_UNGUARDED_AVAILABILITY = YES_AGGRESSIVE;
				CLANG_WARN_UNREACHABLE_CODE = YES;
				CLANG_WARN__DUPLICATE_METHOD_MATCH = YES;
				COPY_PHASE_STRIP = NO;
				DEBUG_INFORMATION_FORMAT = "dwarf-with-dsym";
				ENABLE_NS_ASSERTIONS = NO;
				ENABLE_STRICT_OBJC_MSGSEND = YES;
				GCC_C_LANGUAGE_STANDARD = gnu11;
				GCC_NO_COMMON_BLOCKS = YES;
				GCC_WARN_64_TO_32_BIT_CONVERSION = YES;
				GCC_WARN_ABOUT_RETURN_TYPE = YES_ERROR;
				GCC_WARN_UNDECLARED_SELECTOR = YES;
				GCC_WARN_UNINITIALIZED_AUTOS = YES_AGGRESSIVE;
				GCC_WARN_UNUSED_FUNCTION = YES;
				GCC_WARN_UNUSED_VARIABLE = YES;
				MACOSX_DEPLOYMENT_TARGET = 12.6;
				MTL_ENABLE_DEBUG_INFO = NO;
				MTL_FAST_MATH = YES;
				SDKROOT = macosx;
				SWIFT_COMPILATION_MODE = wholemodule;
				SWIFT_OPTIMIZATION_LEVEL = "-O";
			};
			name = Release;
		};
		14CAD4F32A09491C00116B07 /* Debug */ = {
			isa = XCBuildConfiguration;
			buildSettings = {
				ASSETCATALOG_COMPILER_APPICON_NAME = AppIcon;
				ASSETCATALOG_COMPILER_GLOBAL_ACCENT_COLOR_NAME = AccentColor;
				CODE_SIGN_ENTITLEMENTS = RSConnects/RSConnects.entitlements;
				CODE_SIGN_STYLE = Automatic;
				COMBINE_HIDPI_IMAGES = YES;
				CURRENT_PROJECT_VERSION = 1;
				DEVELOPMENT_ASSET_PATHS = "\"RSConnects/Preview Content\"";
				DEVELOPMENT_TEAM = FYNP7NNG5M;
				ENABLE_HARDENED_RUNTIME = YES;
				ENABLE_PREVIEWS = YES;
				GENERATE_INFOPLIST_FILE = YES;
				INFOPLIST_KEY_NSHumanReadableCopyright = "";
				INFOPLIST_KEY_UILaunchStoryboardName = LaunchScreen;
				INFOPLIST_KEY_UIStatusBarStyle = "";
				INFOPLIST_KEY_UISupportedInterfaceOrientations_iPad = UIInterfaceOrientationPortrait;
				INFOPLIST_KEY_UISupportedInterfaceOrientations_iPhone = "UIInterfaceOrientationLandscapeLeft UIInterfaceOrientationLandscapeRight UIInterfaceOrientationPortrait";
				IPHONEOS_DEPLOYMENT_TARGET = 16.0;
				LD_RUNPATH_SEARCH_PATHS = (
					"$(inherited)",
					"@executable_path/../Frameworks",
				);
				MARKETING_VERSION = 1.0;
				ONLY_ACTIVE_ARCH = YES;
				PRODUCT_BUNDLE_IDENTIFIER = com.RSConnects.RSConnects;
				PRODUCT_NAME = "$(TARGET_NAME)";
				SDKROOT = iphoneos;
				SUPPORTED_PLATFORMS = "iphoneos iphonesimulator";
				SUPPORTS_MACCATALYST = NO;
				SUPPORTS_MAC_DESIGNED_FOR_IPHONE_IPAD = NO;
				SWIFT_EMIT_LOC_STRINGS = YES;
				SWIFT_VERSION = 5.0;
				TARGETED_DEVICE_FAMILY = 1;
			};
			name = Debug;
		};
		14CAD4F42A09491C00116B07 /* Release */ = {
			isa = XCBuildConfiguration;
			buildSettings = {
				ASSETCATALOG_COMPILER_APPICON_NAME = AppIcon;
				ASSETCATALOG_COMPILER_GLOBAL_ACCENT_COLOR_NAME = AccentColor;
				CODE_SIGN_ENTITLEMENTS = RSConnects/RSConnects.entitlements;
				CODE_SIGN_STYLE = Automatic;
				COMBINE_HIDPI_IMAGES = YES;
				CURRENT_PROJECT_VERSION = 1;
				DEVELOPMENT_ASSET_PATHS = "\"RSConnects/Preview Content\"";
				DEVELOPMENT_TEAM = FYNP7NNG5M;
				ENABLE_HARDENED_RUNTIME = YES;
				ENABLE_PREVIEWS = YES;
				GENERATE_INFOPLIST_FILE = YES;
				INFOPLIST_KEY_NSHumanReadableCopyright = "";
				INFOPLIST_KEY_UILaunchStoryboardName = LaunchScreen;
				INFOPLIST_KEY_UIStatusBarStyle = "";
				INFOPLIST_KEY_UISupportedInterfaceOrientations_iPad = UIInterfaceOrientationPortrait;
				INFOPLIST_KEY_UISupportedInterfaceOrientations_iPhone = "UIInterfaceOrientationLandscapeLeft UIInterfaceOrientationLandscapeRight UIInterfaceOrientationPortrait";
				IPHONEOS_DEPLOYMENT_TARGET = 16.0;
				LD_RUNPATH_SEARCH_PATHS = (
					"$(inherited)",
					"@executable_path/../Frameworks",
				);
				MARKETING_VERSION = 1.0;
				ONLY_ACTIVE_ARCH = NO;
				PRODUCT_BUNDLE_IDENTIFIER = com.RSConnects.RSConnects;
				PRODUCT_NAME = "$(TARGET_NAME)";
				SDKROOT = iphoneos;
				SUPPORTED_PLATFORMS = "iphoneos iphonesimulator";
				SUPPORTS_MACCATALYST = NO;
				SUPPORTS_MAC_DESIGNED_FOR_IPHONE_IPAD = NO;
				SWIFT_EMIT_LOC_STRINGS = YES;
				SWIFT_VERSION = 5.0;
				TARGETED_DEVICE_FAMILY = 1;
			};
			name = Release;
		};
		14CAD4F62A09491C00116B07 /* Debug */ = {
			isa = XCBuildConfiguration;
			buildSettings = {
				ALWAYS_EMBED_SWIFT_STANDARD_LIBRARIES = YES;
				BUNDLE_LOADER = "$(TEST_HOST)";
				CODE_SIGN_STYLE = Automatic;
				CURRENT_PROJECT_VERSION = 1;
				DEVELOPMENT_TEAM = FYNP7NNG5M;
				GENERATE_INFOPLIST_FILE = YES;
				MACOSX_DEPLOYMENT_TARGET = 12.6;
				MARKETING_VERSION = 1.0;
				PRODUCT_BUNDLE_IDENTIFIER = com.RSConnects.RSConnectsTests;
				PRODUCT_NAME = "$(TARGET_NAME)";
				SWIFT_EMIT_LOC_STRINGS = NO;
				SWIFT_VERSION = 5.0;
				TEST_HOST = "$(BUILT_PRODUCTS_DIR)/RSConnects.app/$(BUNDLE_EXECUTABLE_FOLDER_PATH)/RSConnects";
			};
			name = Debug;
		};
		14CAD4F72A09491C00116B07 /* Release */ = {
			isa = XCBuildConfiguration;
			buildSettings = {
				ALWAYS_EMBED_SWIFT_STANDARD_LIBRARIES = YES;
				BUNDLE_LOADER = "$(TEST_HOST)";
				CODE_SIGN_STYLE = Automatic;
				CURRENT_PROJECT_VERSION = 1;
				DEVELOPMENT_TEAM = FYNP7NNG5M;
				GENERATE_INFOPLIST_FILE = YES;
				MACOSX_DEPLOYMENT_TARGET = 12.6;
				MARKETING_VERSION = 1.0;
				PRODUCT_BUNDLE_IDENTIFIER = com.RSConnects.RSConnectsTests;
				PRODUCT_NAME = "$(TARGET_NAME)";
				SWIFT_EMIT_LOC_STRINGS = NO;
				SWIFT_VERSION = 5.0;
				TEST_HOST = "$(BUILT_PRODUCTS_DIR)/RSConnects.app/$(BUNDLE_EXECUTABLE_FOLDER_PATH)/RSConnects";
			};
			name = Release;
		};
		14CAD4F92A09491C00116B07 /* Debug */ = {
			isa = XCBuildConfiguration;
			buildSettings = {
				ALWAYS_EMBED_SWIFT_STANDARD_LIBRARIES = YES;
				CODE_SIGN_STYLE = Automatic;
				CURRENT_PROJECT_VERSION = 1;
				DEVELOPMENT_TEAM = FYNP7NNG5M;
				GENERATE_INFOPLIST_FILE = YES;
				MARKETING_VERSION = 1.0;
				PRODUCT_BUNDLE_IDENTIFIER = com.RSConnects.RSConnectsUITests;
				PRODUCT_NAME = "$(TARGET_NAME)";
				SWIFT_EMIT_LOC_STRINGS = NO;
				SWIFT_VERSION = 5.0;
				TEST_TARGET_NAME = RSConnects;
			};
			name = Debug;
		};
		14CAD4FA2A09491C00116B07 /* Release */ = {
			isa = XCBuildConfiguration;
			buildSettings = {
				ALWAYS_EMBED_SWIFT_STANDARD_LIBRARIES = YES;
				CODE_SIGN_STYLE = Automatic;
				CURRENT_PROJECT_VERSION = 1;
				DEVELOPMENT_TEAM = FYNP7NNG5M;
				GENERATE_INFOPLIST_FILE = YES;
				MARKETING_VERSION = 1.0;
				PRODUCT_BUNDLE_IDENTIFIER = com.RSConnects.RSConnectsUITests;
				PRODUCT_NAME = "$(TARGET_NAME)";
				SWIFT_EMIT_LOC_STRINGS = NO;
				SWIFT_VERSION = 5.0;
				TEST_TARGET_NAME = RSConnects;
			};
			name = Release;
		};
/* End XCBuildConfiguration section */

/* Begin XCConfigurationList section */
		14CAD4C82A09491800116B07 /* Build configuration list for PBXProject "RSConnects" */ = {
			isa = XCConfigurationList;
			buildConfigurations = (
				14CAD4F02A09491C00116B07 /* Debug */,
				14CAD4F12A09491C00116B07 /* Release */,
			);
			defaultConfigurationIsVisible = 0;
			defaultConfigurationName = Release;
		};
		14CAD4F22A09491C00116B07 /* Build configuration list for PBXNativeTarget "RSConnects" */ = {
			isa = XCConfigurationList;
			buildConfigurations = (
				14CAD4F32A09491C00116B07 /* Debug */,
				14CAD4F42A09491C00116B07 /* Release */,
			);
			defaultConfigurationIsVisible = 0;
			defaultConfigurationName = Release;
		};
		14CAD4F52A09491C00116B07 /* Build configuration list for PBXNativeTarget "RSConnectsTests" */ = {
			isa = XCConfigurationList;
			buildConfigurations = (
				14CAD4F62A09491C00116B07 /* Debug */,
				14CAD4F72A09491C00116B07 /* Release */,
			);
			defaultConfigurationIsVisible = 0;
			defaultConfigurationName = Release;
		};
		14CAD4F82A09491C00116B07 /* Build configuration list for PBXNativeTarget "RSConnectsUITests" */ = {
			isa = XCConfigurationList;
			buildConfigurations = (
				14CAD4F92A09491C00116B07 /* Debug */,
				14CAD4FA2A09491C00116B07 /* Release */,
			);
			defaultConfigurationIsVisible = 0;
			defaultConfigurationName = Release;
		};
/* End XCConfigurationList section */

/* Begin XCRemoteSwiftPackageReference section */
		1406D39B2A13CED20053DC84 /* XCRemoteSwiftPackageReference "iPhoneNumberField" */ = {
			isa = XCRemoteSwiftPackageReference;
			repositoryURL = "https://github.com/MojtabaHs/iPhoneNumberField";
			requirement = {
				kind = upToNextMajorVersion;
				minimumVersion = 0.9.0;
			};
		};
		140F94AF2A13DCB900E2C964 /* XCRemoteSwiftPackageReference "amplify-ios" */ = {
			isa = XCRemoteSwiftPackageReference;
			repositoryURL = "https://github.com/aws-amplify/amplify-ios";
			requirement = {
				branch = main;
				kind = branch;
			};
		};
/* End XCRemoteSwiftPackageReference section */

/* Begin XCSwiftPackageProductDependency section */
		1406D39C2A13CED20053DC84 /* iPhoneNumberField */ = {
			isa = XCSwiftPackageProductDependency;
			package = 1406D39B2A13CED20053DC84 /* XCRemoteSwiftPackageReference "iPhoneNumberField" */;
			productName = iPhoneNumberField;
		};
		140F94B02A13DCB900E2C964 /* AWSAPIPlugin */ = {
			isa = XCSwiftPackageProductDependency;
			package = 140F94AF2A13DCB900E2C964 /* XCRemoteSwiftPackageReference "amplify-ios" */;
			productName = AWSAPIPlugin;
		};
		140F94B22A13DCB900E2C964 /* AWSCognitoAuthPlugin */ = {
			isa = XCSwiftPackageProductDependency;
			package = 140F94AF2A13DCB900E2C964 /* XCRemoteSwiftPackageReference "amplify-ios" */;
			productName = AWSCognitoAuthPlugin;
		};
		140F94B42A13DCB900E2C964 /* AWSDataStorePlugin */ = {
			isa = XCSwiftPackageProductDependency;
			package = 140F94AF2A13DCB900E2C964 /* XCRemoteSwiftPackageReference "amplify-ios" */;
			productName = AWSDataStorePlugin;
		};
		140F94B62A13DCB900E2C964 /* AWSPluginsCore */ = {
			isa = XCSwiftPackageProductDependency;
			package = 140F94AF2A13DCB900E2C964 /* XCRemoteSwiftPackageReference "amplify-ios" */;
			productName = AWSPluginsCore;
		};
		140F94B82A13DCB900E2C964 /* AWSS3StoragePlugin */ = {
			isa = XCSwiftPackageProductDependency;
			package = 140F94AF2A13DCB900E2C964 /* XCRemoteSwiftPackageReference "amplify-ios" */;
			productName = AWSS3StoragePlugin;
		};
		140F94BA2A13DCB900E2C964 /* Amplify */ = {
			isa = XCSwiftPackageProductDependency;
			package = 140F94AF2A13DCB900E2C964 /* XCRemoteSwiftPackageReference "amplify-ios" */;
			productName = Amplify;
		};
/* End XCSwiftPackageProductDependency section */
	};
	rootObject = 14CAD4C52A09491800116B07 /* Project object */;
}
